
Microsoft Visual Studio Solution File, Format Version 12.00
# Visual Studio 15
VisualStudioVersion = 15.0.28307.136
MinimumVisualStudioVersion = 10.0.40219.1
Project("{FAE04EC0-301F-11D3-BF4B-00C04F79EFBC}") = "Lesson_4", "Lesson_4\Lesson_4.csproj", "{FCEB2029-C3A5-41DC-BD8B-7111D203BC20}"
EndProject
Project("{FAE04EC0-301F-11D3-BF4B-00C04F79EFBC}") = "Array", "Array\Array.csproj", "{91514083-7556-4962-9752-C030376F4820}"
EndProject
Project("{FAE04EC0-301F-11D3-BF4B-00C04F79EFBC}") = "Login", "Login\Login.csproj", "{26B79FED-40DA-48E4-82A9-ACBE26352A78}"
EndProject
Global
	GlobalSection(SolutionConfigurationPlatforms) = preSolution
		Debug|Any CPU = Debug|Any CPU
		Release|Any CPU = Release|Any CPU
	EndGlobalSection
	GlobalSection(ProjectConfigurationPlatforms) = postSolution
		{FCEB2029-C3A5-41DC-BD8B-7111D203BC20}.Debug|Any CPU.ActiveCfg = Debug|Any CPU
		{FCEB2029-C3A5-41DC-BD8B-7111D203BC20}.Debug|Any CPU.Build.0 = Debug|Any CPU
		{FCEB2029-C3A5-41DC-BD8B-7111D203BC20}.Release|Any CPU.ActiveCfg = Release|Any CPU
		{FCEB2029-C3A5-41DC-BD8B-7111D203BC20}.Release|Any CPU.Build.0 = Release|Any CPU
		{91514083-7556-4962-9752-C030376F4820}.Debug|Any CPU.ActiveCfg = Debug|Any CPU
		{91514083-7556-4962-9752-C030376F4820}.Debug|Any CPU.Build.0 = Debug|Any CPU
		{91514083-7556-4962-9752-C030376F4820}.Release|Any CPU.ActiveCfg = Release|Any CPU
		{91514083-7556-4962-9752-C030376F4820}.Release|Any CPU.Build.0 = Release|Any CPU
		{26B79FED-40DA-48E4-82A9-ACBE26352A78}.Debug|Any CPU.ActiveCfg = Debug|Any CPU
		{26B79FED-40DA-48E4-82A9-ACBE26352A78}.Debug|Any CPU.Build.0 = Debug|Any CPU
		{26B79FED-40DA-48E4-82A9-ACBE26352A78}.Release|Any CPU.ActiveCfg = Release|Any CPU
		{26B79FED-40DA-48E4-82A9-ACBE26352A78}.Release|Any CPU.Build.0 = Release|Any CPU
	EndGlobalSection
	GlobalSection(SolutionProperties) = preSolution
		HideSolutionNode = FALSE
	EndGlobalSection
	GlobalSection(ExtensibilityGlobals) = postSolution
		SolutionGuid = {DDD85A3D-2CFC-4E19-8D78-601320651527}
	EndGlobalSection
EndGlobal
