
Microsoft Visual Studio Solution File, Format Version 12.00
# Visual Studio 15
VisualStudioVersion = 15.0.28307.136
MinimumVisualStudioVersion = 10.0.40219.1
Project("{FAE04EC0-301F-11D3-BF4B-00C04F79EFBC}") = "DZ_3", "DZ_3\DZ_3.csproj", "{EE0ABBD0-07AD-470C-9D35-85AA0D2E0E28}"
EndProject
Global
	GlobalSection(SolutionConfigurationPlatforms) = preSolution
		Debug|Any CPU = Debug|Any CPU
		Release|Any CPU = Release|Any CPU
	EndGlobalSection
	GlobalSection(ProjectConfigurationPlatforms) = postSolution
		{EE0ABBD0-07AD-470C-9D35-85AA0D2E0E28}.Debug|Any CPU.ActiveCfg = Debug|Any CPU
		{EE0ABBD0-07AD-470C-9D35-85AA0D2E0E28}.Debug|Any CPU.Build.0 = Debug|Any CPU
		{EE0ABBD0-07AD-470C-9D35-85AA0D2E0E28}.Release|Any CPU.ActiveCfg = Release|Any CPU
		{EE0ABBD0-07AD-470C-9D35-85AA0D2E0E28}.Release|Any CPU.Build.0 = Release|Any CPU
	EndGlobalSection
	GlobalSection(SolutionProperties) = preSolution
		HideSolutionNode = FALSE
	EndGlobalSection
	GlobalSection(ExtensibilityGlobals) = postSolution
		SolutionGuid = {EF999B24-D55F-407B-99CA-E198714693CB}
	EndGlobalSection
EndGlobal
